
Microsoft Visual Studio Solution File, Format Version 12.00
# Visual Studio 15
VisualStudioVersion = 15.0.27004.2005
MinimumVisualStudioVersion = 10.0.40219.1
Project("{9A19103F-16F7-4668-BE54-9A1E7A4F7556}") = "Spyglass.Server", "Spyglass.Server\Spyglass.Server.csproj", "{519820D2-39F5-46EF-AF61-F5AA5B378C49}"
EndProject
Project("{9A19103F-16F7-4668-BE54-9A1E7A4F7556}") = "Spyglass.SDK", "Spyglass.SDK\Spyglass.SDK.csproj", "{12CCFC14-EB4E-49E3-BD83-EB6EC270AC8A}"
EndProject
Project("{9A19103F-16F7-4668-BE54-9A1E7A4F7556}") = "Spyglass.Providers", "Spyglass.Providers\Spyglass.Providers.csproj", "{38C15E98-9139-40A0-B743-B799BBBF639A}"
EndProject
Project("{9A19103F-16F7-4668-BE54-9A1E7A4F7556}") = "Spyglass.Cli", "Spyglass.Cli\Spyglass.Cli.csproj", "{256A4342-CE9F-4961-8965-DD2557405A3E}"
EndProject
Project("{9A19103F-16F7-4668-BE54-9A1E7A4F7556}") = "Spyglass.Data.MongoDb", "Spyglass.Data.MongoDb\Spyglass.Data.MongoDb.csproj", "{CBDCCA22-2051-48D1-9593-AA6F9B5D2FC2}"
EndProject
Project("{FAE04EC0-301F-11D3-BF4B-00C04F79EFBC}") = "Spyglass.Tests", "Spyglass.Tests\Spyglass.Tests.csproj", "{53A0093B-8C12-4618-8188-2A7967ACE4B7}"
EndProject
Global
	GlobalSection(SolutionConfigurationPlatforms) = preSolution
		Debug|Any CPU = Debug|Any CPU
		Debug|x64 = Debug|x64
		Debug|x86 = Debug|x86
		Release|Any CPU = Release|Any CPU
		Release|x64 = Release|x64
		Release|x86 = Release|x86
	EndGlobalSection
	GlobalSection(ProjectConfigurationPlatforms) = postSolution
		{519820D2-39F5-46EF-AF61-F5AA5B378C49}.Debug|Any CPU.ActiveCfg = Debug|Any CPU
		{519820D2-39F5-46EF-AF61-F5AA5B378C49}.Debug|Any CPU.Build.0 = Debug|Any CPU
		{519820D2-39F5-46EF-AF61-F5AA5B378C49}.Debug|x64.ActiveCfg = Debug|Any CPU
		{519820D2-39F5-46EF-AF61-F5AA5B378C49}.Debug|x64.Build.0 = Debug|Any CPU
		{519820D2-39F5-46EF-AF61-F5AA5B378C49}.Debug|x86.ActiveCfg = Debug|Any CPU
		{519820D2-39F5-46EF-AF61-F5AA5B378C49}.Debug|x86.Build.0 = Debug|Any CPU
		{519820D2-39F5-46EF-AF61-F5AA5B378C49}.Release|Any CPU.ActiveCfg = Release|Any CPU
		{519820D2-39F5-46EF-AF61-F5AA5B378C49}.Release|Any CPU.Build.0 = Release|Any CPU
		{519820D2-39F5-46EF-AF61-F5AA5B378C49}.Release|x64.ActiveCfg = Release|Any CPU
		{519820D2-39F5-46EF-AF61-F5AA5B378C49}.Release|x64.Build.0 = Release|Any CPU
		{519820D2-39F5-46EF-AF61-F5AA5B378C49}.Release|x86.ActiveCfg = Release|Any CPU
		{519820D2-39F5-46EF-AF61-F5AA5B378C49}.Release|x86.Build.0 = Release|Any CPU
		{12CCFC14-EB4E-49E3-BD83-EB6EC270AC8A}.Debug|Any CPU.ActiveCfg = Debug|Any CPU
		{12CCFC14-EB4E-49E3-BD83-EB6EC270AC8A}.Debug|Any CPU.Build.0 = Debug|Any CPU
		{12CCFC14-EB4E-49E3-BD83-EB6EC270AC8A}.Debug|x64.ActiveCfg = Debug|Any CPU
		{12CCFC14-EB4E-49E3-BD83-EB6EC270AC8A}.Debug|x64.Build.0 = Debug|Any CPU
		{12CCFC14-EB4E-49E3-BD83-EB6EC270AC8A}.Debug|x86.ActiveCfg = Debug|Any CPU
		{12CCFC14-EB4E-49E3-BD83-EB6EC270AC8A}.Debug|x86.Build.0 = Debug|Any CPU
		{12CCFC14-EB4E-49E3-BD83-EB6EC270AC8A}.Release|Any CPU.ActiveCfg = Release|Any CPU
		{12CCFC14-EB4E-49E3-BD83-EB6EC270AC8A}.Release|Any CPU.Build.0 = Release|Any CPU
		{12CCFC14-EB4E-49E3-BD83-EB6EC270AC8A}.Release|x64.ActiveCfg = Release|Any CPU
		{12CCFC14-EB4E-49E3-BD83-EB6EC270AC8A}.Release|x64.Build.0 = Release|Any CPU
		{12CCFC14-EB4E-49E3-BD83-EB6EC270AC8A}.Release|x86.ActiveCfg = Release|Any CPU
		{12CCFC14-EB4E-49E3-BD83-EB6EC270AC8A}.Release|x86.Build.0 = Release|Any CPU
		{38C15E98-9139-40A0-B743-B799BBBF639A}.Debug|Any CPU.ActiveCfg = Debug|Any CPU
		{38C15E98-9139-40A0-B743-B799BBBF639A}.Debug|Any CPU.Build.0 = Debug|Any CPU
		{38C15E98-9139-40A0-B743-B799BBBF639A}.Debug|x64.ActiveCfg = Debug|Any CPU
		{38C15E98-9139-40A0-B743-B799BBBF639A}.Debug|x64.Build.0 = Debug|Any CPU
		{38C15E98-9139-40A0-B743-B799BBBF639A}.Debug|x86.ActiveCfg = Debug|Any CPU
		{38C15E98-9139-40A0-B743-B799BBBF639A}.Debug|x86.Build.0 = Debug|Any CPU
		{38C15E98-9139-40A0-B743-B799BBBF639A}.Release|Any CPU.ActiveCfg = Release|Any CPU
		{38C15E98-9139-40A0-B743-B799BBBF639A}.Release|Any CPU.Build.0 = Release|Any CPU
		{38C15E98-9139-40A0-B743-B799BBBF639A}.Release|x64.ActiveCfg = Release|Any CPU
		{38C15E98-9139-40A0-B743-B799BBBF639A}.Release|x64.Build.0 = Release|Any CPU
		{38C15E98-9139-40A0-B743-B799BBBF639A}.Release|x86.ActiveCfg = Release|Any CPU
		{38C15E98-9139-40A0-B743-B799BBBF639A}.Release|x86.Build.0 = Release|Any CPU
		{256A4342-CE9F-4961-8965-DD2557405A3E}.Debug|Any CPU.ActiveCfg = Debug|Any CPU
		{256A4342-CE9F-4961-8965-DD2557405A3E}.Debug|Any CPU.Build.0 = Debug|Any CPU
		{256A4342-CE9F-4961-8965-DD2557405A3E}.Debug|x64.ActiveCfg = Debug|Any CPU
		{256A4342-CE9F-4961-8965-DD2557405A3E}.Debug|x64.Build.0 = Debug|Any CPU
		{256A4342-CE9F-4961-8965-DD2557405A3E}.Debug|x86.ActiveCfg = Debug|Any CPU
		{256A4342-CE9F-4961-8965-DD2557405A3E}.Debug|x86.Build.0 = Debug|Any CPU
		{256A4342-CE9F-4961-8965-DD2557405A3E}.Release|Any CPU.ActiveCfg = Release|Any CPU
		{256A4342-CE9F-4961-8965-DD2557405A3E}.Release|Any CPU.Build.0 = Release|Any CPU
		{256A4342-CE9F-4961-8965-DD2557405A3E}.Release|x64.ActiveCfg = Release|Any CPU
		{256A4342-CE9F-4961-8965-DD2557405A3E}.Release|x64.Build.0 = Release|Any CPU
		{256A4342-CE9F-4961-8965-DD2557405A3E}.Release|x86.ActiveCfg = Release|Any CPU
		{256A4342-CE9F-4961-8965-DD2557405A3E}.Release|x86.Build.0 = Release|Any CPU
		{CBDCCA22-2051-48D1-9593-AA6F9B5D2FC2}.Debug|Any CPU.ActiveCfg = Debug|Any CPU
		{CBDCCA22-2051-48D1-9593-AA6F9B5D2FC2}.Debug|Any CPU.Build.0 = Debug|Any CPU
		{CBDCCA22-2051-48D1-9593-AA6F9B5D2FC2}.Debug|x64.ActiveCfg = Debug|Any CPU
		{CBDCCA22-2051-48D1-9593-AA6F9B5D2FC2}.Debug|x64.Build.0 = Debug|Any CPU
		{CBDCCA22-2051-48D1-9593-AA6F9B5D2FC2}.Debug|x86.ActiveCfg = Debug|Any CPU
		{CBDCCA22-2051-48D1-9593-AA6F9B5D2FC2}.Debug|x86.Build.0 = Debug|Any CPU
		{CBDCCA22-2051-48D1-9593-AA6F9B5D2FC2}.Release|Any CPU.ActiveCfg = Release|Any CPU
		{CBDCCA22-2051-48D1-9593-AA6F9B5D2FC2}.Release|Any CPU.Build.0 = Release|Any CPU
		{CBDCCA22-2051-48D1-9593-AA6F9B5D2FC2}.Debug|x64.ActiveCfg = Debug|x64
		{CBDCCA22-2051-48D1-9593-AA6F9B5D2FC2}.Debug|x64.Build.0 = Debug|x64
		{CBDCCA22-2051-48D1-9593-AA6F9B5D2FC2}.Debug|x86.ActiveCfg = Debug|x86
		{CBDCCA22-2051-48D1-9593-AA6F9B5D2FC2}.Debug|x86.Build.0 = Debug|x86
		{CBDCCA22-2051-48D1-9593-AA6F9B5D2FC2}.Release|x64.ActiveCfg = Release|x64
		{CBDCCA22-2051-48D1-9593-AA6F9B5D2FC2}.Release|x64.Build.0 = Release|x64
		{CBDCCA22-2051-48D1-9593-AA6F9B5D2FC2}.Release|x86.ActiveCfg = Release|x86
		{CBDCCA22-2051-48D1-9593-AA6F9B5D2FC2}.Release|x86.Build.0 = Release|x86
		{53A0093B-8C12-4618-8188-2A7967ACE4B7}.Debug|Any CPU.ActiveCfg = Debug|Any CPU
		{53A0093B-8C12-4618-8188-2A7967ACE4B7}.Debug|Any CPU.Build.0 = Debug|Any CPU
		{53A0093B-8C12-4618-8188-2A7967ACE4B7}.Debug|x64.ActiveCfg = Debug|x64
		{53A0093B-8C12-4618-8188-2A7967ACE4B7}.Debug|x64.Build.0 = Debug|x64
		{53A0093B-8C12-4618-8188-2A7967ACE4B7}.Debug|x86.ActiveCfg = Debug|x86
		{53A0093B-8C12-4618-8188-2A7967ACE4B7}.Debug|x86.Build.0 = Debug|x86
		{53A0093B-8C12-4618-8188-2A7967ACE4B7}.Release|Any CPU.ActiveCfg = Release|Any CPU
		{53A0093B-8C12-4618-8188-2A7967ACE4B7}.Release|Any CPU.Build.0 = Release|Any CPU
		{53A0093B-8C12-4618-8188-2A7967ACE4B7}.Release|x64.ActiveCfg = Release|x64
		{53A0093B-8C12-4618-8188-2A7967ACE4B7}.Release|x64.Build.0 = Release|x64
		{53A0093B-8C12-4618-8188-2A7967ACE4B7}.Release|x86.ActiveCfg = Release|x86
		{53A0093B-8C12-4618-8188-2A7967ACE4B7}.Release|x86.Build.0 = Release|x86
	EndGlobalSection
	GlobalSection(SolutionProperties) = preSolution
		HideSolutionNode = FALSE
	EndGlobalSection
	GlobalSection(ExtensibilityGlobals) = postSolution
		SolutionGuid = {3CDACFCC-E675-4C98-9E9C-9FB6294C9B16}
	EndGlobalSection
EndGlobal
